PODS:
  - Alamofire (4.9.1)
  - JNAvatarWithInitials (1.1.5):
    - SDWebImage (~> 5.0.2)
  - SDWebImage (5.0.6):
    - SDWebImage/Core (= 5.0.6)
  - SDWebImage/Core (5.0.6)

DEPENDENCIES:
  - Alamofire
  - JNAvatarWithInitials

SPEC REPOS:
  trunk:
    - Alamofire
    - JNAvatarWithInitials
    - SDWebImage

SPEC CHECKSUMS:
  Alamofire: 85e8a02c69d6020a0d734f6054870d7ecb75cf18
  JNAvatarWithInitials: 7ba52efafe450b6499c28760d1075b4eb9e68bb9
  SDWebImage: 920f1a2ff1ca8296ad34f6e0510a1ef1d70ac965

PODFILE CHECKSUM: 6adbc0e47668f98933ac64ce3c1c8de986c2c412

COCOAPODS: 1.8.4
